Microsoft Visual Studio Solution File, Format Version 8.00
Project("{8BC9CEB8-8B4A-11D0-8D11-00A0C91BC942}") = "AniSmiley", "AniSmiley.vcproj", "{845C89BE-4A28-4658-955B-F91E61EF17DF}"
	ProjectSection(ProjectDependencies) = postProject
	EndProjectSection
EndProject
Global
	GlobalSection(SolutionConfiguration) = preSolution
		Debug = Debug
		Release = Release
	EndGlobalSection
	GlobalSection(ProjectConfiguration) = postSolution
		{845C89BE-4A28-4658-955B-F91E61EF17DF}.Debug.ActiveCfg = Debug|Win32
		{845C89BE-4A28-4658-955B-F91E61EF17DF}.Debug.Build.0 = Debug|Win32
		{845C89BE-4A28-4658-955B-F91E61EF17DF}.Release.ActiveCfg = Release|Win32
		{845C89BE-4A28-4658-955B-F91E61EF17DF}.Release.Build.0 = Release|Win32
	EndGlobalSection
	GlobalSection(ExtensibilityGlobals) = postSolution
	EndGlobalSection
	GlobalSection(ExtensibilityAddIns) = postSolution
	EndGlobalSection
EndGlobal
